
Microsoft Visual Studio Solution File, Format Version 12.00
# Visual Studio 14
VisualStudioVersion = 14.0.25420.1
MinimumVisualStudioVersion = 10.0.40219.1
Project("{FAE04EC0-301F-11D3-BF4B-00C04F79EFBC}") = "Messenger", "Messenger\Messenger\Messenger.csproj", "{C6A10008-5D60-40B9-BB9D-900B8669DB05}"
EndProject
Project("{FAE04EC0-301F-11D3-BF4B-00C04F79EFBC}") = "Messenger.Droid", "Messenger\Messenger.Droid\Messenger.Droid.csproj", "{816767C3-7930-41AE-8048-CC006AC70C1F}"
EndProject
Project("{FAE04EC0-301F-11D3-BF4B-00C04F79EFBC}") = "Messenger.iOS", "Messenger\Messenger.iOS\Messenger.iOS.csproj", "{AC576DEC-D754-45D2-A0BB-46795FEA4648}"
EndProject
Global
	GlobalSection(SolutionConfigurationPlatforms) = preSolution
		Ad-Hoc|Any CPU = Ad-Hoc|Any CPU
		Ad-Hoc|iPhone = Ad-Hoc|iPhone
		Ad-Hoc|iPhoneSimulator = Ad-Hoc|iPhoneSimulator
		AppStore|Any CPU = AppStore|Any CPU
		AppStore|iPhone = AppStore|iPhone
		AppStore|iPhoneSimulator = AppStore|iPhoneSimulator
		Debug|Any CPU = Debug|Any CPU
		Debug|iPhone = Debug|iPhone
		Debug|iPhoneSimulator = Debug|iPhoneSimulator
		Release|Any CPU = Release|Any CPU
		Release|iPhone = Release|iPhone
		Release|iPhoneSimulator = Release|iPhoneSimulator
	EndGlobalSection
	GlobalSection(ProjectConfigurationPlatforms) = postSolution
		{C6A10008-5D60-40B9-BB9D-900B8669DB05}.Ad-Hoc|Any CPU.ActiveCfg = Release|Any CPU
		{C6A10008-5D60-40B9-BB9D-900B8669DB05}.Ad-Hoc|Any CPU.Build.0 = Release|Any CPU
		{C6A10008-5D60-40B9-BB9D-900B8669DB05}.Ad-Hoc|iPhone.ActiveCfg = Release|Any CPU
		{C6A10008-5D60-40B9-BB9D-900B8669DB05}.Ad-Hoc|iPhone.Build.0 = Release|Any CPU
		{C6A10008-5D60-40B9-BB9D-900B8669DB05}.Ad-Hoc|iPhoneSimulator.ActiveCfg = Release|Any CPU
		{C6A10008-5D60-40B9-BB9D-900B8669DB05}.Ad-Hoc|iPhoneSimulator.Build.0 = Release|Any CPU
		{C6A10008-5D60-40B9-BB9D-900B8669DB05}.AppStore|Any CPU.ActiveCfg = Release|Any CPU
		{C6A10008-5D60-40B9-BB9D-900B8669DB05}.AppStore|Any CPU.Build.0 = Release|Any CPU
		{C6A10008-5D60-40B9-BB9D-900B8669DB05}.AppStore|iPhone.ActiveCfg = Release|Any CPU
		{C6A10008-5D60-40B9-BB9D-900B8669DB05}.AppStore|iPhone.Build.0 = Release|Any CPU
		{C6A10008-5D60-40B9-BB9D-900B8669DB05}.AppStore|iPhoneSimulator.ActiveCfg = Release|Any CPU
		{C6A10008-5D60-40B9-BB9D-900B8669DB05}.AppStore|iPhoneSimulator.Build.0 = Release|Any CPU
		{C6A10008-5D60-40B9-BB9D-900B8669DB05}.Debug|Any CPU.ActiveCfg = Debug|Any CPU
		{C6A10008-5D60-40B9-BB9D-900B8669DB05}.Debug|Any CPU.Build.0 = Debug|Any CPU
		{C6A10008-5D60-40B9-BB9D-900B8669DB05}.Debug|iPhone.ActiveCfg = Debug|Any CPU
		{C6A10008-5D60-40B9-BB9D-900B8669DB05}.Debug|iPhone.Build.0 = Debug|Any CPU
		{C6A10008-5D60-40B9-BB9D-900B8669DB05}.Debug|iPhoneSimulator.ActiveCfg = Debug|Any CPU
		{C6A10008-5D60-40B9-BB9D-900B8669DB05}.Debug|iPhoneSimulator.Build.0 = Debug|Any CPU
		{C6A10008-5D60-40B9-BB9D-900B8669DB05}.Release|Any CPU.ActiveCfg = Release|Any CPU
		{C6A10008-5D60-40B9-BB9D-900B8669DB05}.Release|Any CPU.Build.0 = Release|Any CPU
		{C6A10008-5D60-40B9-BB9D-900B8669DB05}.Release|iPhone.ActiveCfg = Release|Any CPU
		{C6A10008-5D60-40B9-BB9D-900B8669DB05}.Release|iPhone.Build.0 = Release|Any CPU
		{C6A10008-5D60-40B9-BB9D-900B8669DB05}.Release|iPhoneSimulator.ActiveCfg = Release|Any CPU
		{C6A10008-5D60-40B9-BB9D-900B8669DB05}.Release|iPhoneSimulator.Build.0 = Release|Any CPU
		{816767C3-7930-41AE-8048-CC006AC70C1F}.Ad-Hoc|Any CPU.ActiveCfg = Release|Any CPU
		{816767C3-7930-41AE-8048-CC006AC70C1F}.Ad-Hoc|Any CPU.Build.0 = Release|Any CPU
		{816767C3-7930-41AE-8048-CC006AC70C1F}.Ad-Hoc|Any CPU.Deploy.0 = Release|Any CPU
		{816767C3-7930-41AE-8048-CC006AC70C1F}.Ad-Hoc|iPhone.ActiveCfg = Release|Any CPU
		{816767C3-7930-41AE-8048-CC006AC70C1F}.Ad-Hoc|iPhone.Build.0 = Release|Any CPU
		{816767C3-7930-41AE-8048-CC006AC70C1F}.Ad-Hoc|iPhone.Deploy.0 = Release|Any CPU
		{816767C3-7930-41AE-8048-CC006AC70C1F}.Ad-Hoc|iPhoneSimulator.ActiveCfg = Release|Any CPU
		{816767C3-7930-41AE-8048-CC006AC70C1F}.Ad-Hoc|iPhoneSimulator.Build.0 = Release|Any CPU
		{816767C3-7930-41AE-8048-CC006AC70C1F}.Ad-Hoc|iPhoneSimulator.Deploy.0 = Release|Any CPU
		{816767C3-7930-41AE-8048-CC006AC70C1F}.AppStore|Any CPU.ActiveCfg = Release|Any CPU
		{816767C3-7930-41AE-8048-CC006AC70C1F}.AppStore|Any CPU.Build.0 = Release|Any CPU
		{816767C3-7930-41AE-8048-CC006AC70C1F}.AppStore|Any CPU.Deploy.0 = Release|Any CPU
		{816767C3-7930-41AE-8048-CC006AC70C1F}.AppStore|iPhone.ActiveCfg = Release|Any CPU
		{816767C3-7930-41AE-8048-CC006AC70C1F}.AppStore|iPhone.Build.0 = Release|Any CPU
		{816767C3-7930-41AE-8048-CC006AC70C1F}.AppStore|iPhone.Deploy.0 = Release|Any CPU
		{816767C3-7930-41AE-8048-CC006AC70C1F}.AppStore|iPhoneSimulator.ActiveCfg = Release|Any CPU
		{816767C3-7930-41AE-8048-CC006AC70C1F}.AppStore|iPhoneSimulator.Build.0 = Release|Any CPU
		{816767C3-7930-41AE-8048-CC006AC70C1F}.AppStore|iPhoneSimulator.Deploy.0 = Release|Any CPU
		{816767C3-7930-41AE-8048-CC006AC70C1F}.Debug|Any CPU.ActiveCfg = Debug|Any CPU
		{816767C3-7930-41AE-8048-CC006AC70C1F}.Debug|Any CPU.Build.0 = Debug|Any CPU
		{816767C3-7930-41AE-8048-CC006AC70C1F}.Debug|Any CPU.Deploy.0 = Debug|Any CPU
		{816767C3-7930-41AE-8048-CC006AC70C1F}.Debug|iPhone.ActiveCfg = Debug|Any CPU
		{816767C3-7930-41AE-8048-CC006AC70C1F}.Debug|iPhone.Build.0 = Debug|Any CPU
		{816767C3-7930-41AE-8048-CC006AC70C1F}.Debug|iPhone.Deploy.0 = Debug|Any CPU
		{816767C3-7930-41AE-8048-CC006AC70C1F}.Debug|iPhoneSimulator.ActiveCfg = Debug|Any CPU
		{816767C3-7930-41AE-8048-CC006AC70C1F}.Debug|iPhoneSimulator.Build.0 = Debug|Any CPU
		{816767C3-7930-41AE-8048-CC006AC70C1F}.Debug|iPhoneSimulator.Deploy.0 = Debug|Any CPU
		{816767C3-7930-41AE-8048-CC006AC70C1F}.Release|Any CPU.ActiveCfg = Release|Any CPU
		{816767C3-7930-41AE-8048-CC006AC70C1F}.Release|Any CPU.Build.0 = Release|Any CPU
		{816767C3-7930-41AE-8048-CC006AC70C1F}.Release|Any CPU.Deploy.0 = Release|Any CPU
		{816767C3-7930-41AE-8048-CC006AC70C1F}.Release|iPhone.ActiveCfg = Release|Any CPU
		{816767C3-7930-41AE-8048-CC006AC70C1F}.Release|iPhone.Build.0 = Release|Any CPU
		{816767C3-7930-41AE-8048-CC006AC70C1F}.Release|iPhone.Deploy.0 = Release|Any CPU
		{816767C3-7930-41AE-8048-CC006AC70C1F}.Release|iPhoneSimulator.ActiveCfg = Release|Any CPU
		{816767C3-7930-41AE-8048-CC006AC70C1F}.Release|iPhoneSimulator.Build.0 = Release|Any CPU
		{816767C3-7930-41AE-8048-CC006AC70C1F}.Release|iPhoneSimulator.Deploy.0 = Release|Any CPU
		{AC576DEC-D754-45D2-A0BB-46795FEA4648}.Ad-Hoc|Any CPU.ActiveCfg = Ad-Hoc|iPhone
		{AC576DEC-D754-45D2-A0BB-46795FEA4648}.Ad-Hoc|iPhone.ActiveCfg = Ad-Hoc|iPhone
		{AC576DEC-D754-45D2-A0BB-46795FEA4648}.Ad-Hoc|iPhone.Build.0 = Ad-Hoc|iPhone
		{AC576DEC-D754-45D2-A0BB-46795FEA4648}.Ad-Hoc|iPhoneSimulator.ActiveCfg = Ad-Hoc|iPhoneSimulator
		{AC576DEC-D754-45D2-A0BB-46795FEA4648}.Ad-Hoc|iPhoneSimulator.Build.0 = Ad-Hoc|iPhoneSimulator
		{AC576DEC-D754-45D2-A0BB-46795FEA4648}.AppStore|Any CPU.ActiveCfg = AppStore|iPhone
		{AC576DEC-D754-45D2-A0BB-46795FEA4648}.AppStore|iPhone.ActiveCfg = AppStore|iPhone
		{AC576DEC-D754-45D2-A0BB-46795FEA4648}.AppStore|iPhone.Build.0 = AppStore|iPhone
		{AC576DEC-D754-45D2-A0BB-46795FEA4648}.AppStore|iPhoneSimulator.ActiveCfg = AppStore|iPhoneSimulator
		{AC576DEC-D754-45D2-A0BB-46795FEA4648}.AppStore|iPhoneSimulator.Build.0 = AppStore|iPhoneSimulator
		{AC576DEC-D754-45D2-A0BB-46795FEA4648}.Debug|Any CPU.ActiveCfg = Debug|iPhone
		{AC576DEC-D754-45D2-A0BB-46795FEA4648}.Debug|iPhone.ActiveCfg = Debug|iPhone
		{AC576DEC-D754-45D2-A0BB-46795FEA4648}.Debug|iPhone.Build.0 = Debug|iPhone
		{AC576DEC-D754-45D2-A0BB-46795FEA4648}.Debug|iPhoneSimulator.ActiveCfg = Debug|iPhoneSimulator
		{AC576DEC-D754-45D2-A0BB-46795FEA4648}.Debug|iPhoneSimulator.Build.0 = Debug|iPhoneSimulator
		{AC576DEC-D754-45D2-A0BB-46795FEA4648}.Release|Any CPU.ActiveCfg = Release|iPhone
		{AC576DEC-D754-45D2-A0BB-46795FEA4648}.Release|iPhone.ActiveCfg = Release|iPhone
		{AC576DEC-D754-45D2-A0BB-46795FEA4648}.Release|iPhone.Build.0 = Release|iPhone
		{AC576DEC-D754-45D2-A0BB-46795FEA4648}.Release|iPhoneSimulator.ActiveCfg = Release|iPhoneSimulator
		{AC576DEC-D754-45D2-A0BB-46795FEA4648}.Release|iPhoneSimulator.Build.0 = Release|iPhoneSimulator
	EndGlobalSection
	GlobalSection(SolutionProperties) = preSolution
		HideSolutionNode = FALSE
	EndGlobalSection
EndGlobal
